
Microsoft Visual Studio Solution File, Format Version 11.00
# Visual Studio 2010
Project("{FAE04EC0-301F-11D3-BF4B-00C04F79EFBC}") = "FizzBuzz.Tests", "FizzBuzz.Tests\FizzBuzz.Tests.csproj", "{B565AC48-DAE3-470F-88FD-70E7D650CF35}"
EndProject
Project("{FAE04EC0-301F-11D3-BF4B-00C04F79EFBC}") = "FizzBuzz.Core", "FizzBuzz.Core\FizzBuzz.Core.csproj", "{A1A8C51C-FF52-4435-AF43-E1FFF8605EE9}"
EndProject
Project("{FAE04EC0-301F-11D3-BF4B-00C04F79EFBC}") = "FizzBuzz.Application", "FizzBuzz.Application\FizzBuzz.Application.csproj", "{5A48F4FF-0D25-44B5-B546-CADBE18F1DEC}"
EndProject
Project("{2150E333-8FDC-42A3-9474-1A3956D46DE8}") = ".nuget", ".nuget", "{B1C14F6D-6CBC-4FA3-B57D-5CF3D8CC6050}"
	ProjectSection(SolutionItems) = preProject
		.nuget\NuGet.Config = .nuget\NuGet.Config
		.nuget\NuGet.exe = .nuget\NuGet.exe
		.nuget\NuGet.targets = .nuget\NuGet.targets
	EndProjectSection
EndProject
Global
	GlobalSection(SolutionConfigurationPlatforms) = preSolution
		Debug|Any CPU = Debug|Any CPU
		Debug|Mixed Platforms = Debug|Mixed Platforms
		Debug|x86 = Debug|x86
		Release|Any CPU = Release|Any CPU
		Release|Mixed Platforms = Release|Mixed Platforms
		Release|x86 = Release|x86
	EndGlobalSection
	GlobalSection(ProjectConfigurationPlatforms) = postSolution
		{B565AC48-DAE3-470F-88FD-70E7D650CF35}.Debug|Any CPU.ActiveCfg = Debug|Any CPU
		{B565AC48-DAE3-470F-88FD-70E7D650CF35}.Debug|Any CPU.Build.0 = Debug|Any CPU
		{B565AC48-DAE3-470F-88FD-70E7D650CF35}.Debug|Mixed Platforms.ActiveCfg = Debug|Any CPU
		{B565AC48-DAE3-470F-88FD-70E7D650CF35}.Debug|Mixed Platforms.Build.0 = Debug|Any CPU
		{B565AC48-DAE3-470F-88FD-70E7D650CF35}.Debug|x86.ActiveCfg = Debug|Any CPU
		{B565AC48-DAE3-470F-88FD-70E7D650CF35}.Release|Any CPU.ActiveCfg = Release|Any CPU
		{B565AC48-DAE3-470F-88FD-70E7D650CF35}.Release|Any CPU.Build.0 = Release|Any CPU
		{B565AC48-DAE3-470F-88FD-70E7D650CF35}.Release|Mixed Platforms.ActiveCfg = Release|Any CPU
		{B565AC48-DAE3-470F-88FD-70E7D650CF35}.Release|Mixed Platforms.Build.0 = Release|Any CPU
		{B565AC48-DAE3-470F-88FD-70E7D650CF35}.Release|x86.ActiveCfg = Release|Any CPU
		{A1A8C51C-FF52-4435-AF43-E1FFF8605EE9}.Debug|Any CPU.ActiveCfg = Debug|Any CPU
		{A1A8C51C-FF52-4435-AF43-E1FFF8605EE9}.Debug|Any CPU.Build.0 = Debug|Any CPU
		{A1A8C51C-FF52-4435-AF43-E1FFF8605EE9}.Debug|Mixed Platforms.ActiveCfg = Debug|Any CPU
		{A1A8C51C-FF52-4435-AF43-E1FFF8605EE9}.Debug|Mixed Platforms.Build.0 = Debug|Any CPU
		{A1A8C51C-FF52-4435-AF43-E1FFF8605EE9}.Debug|x86.ActiveCfg = Debug|Any CPU
		{A1A8C51C-FF52-4435-AF43-E1FFF8605EE9}.Release|Any CPU.ActiveCfg = Release|Any CPU
		{A1A8C51C-FF52-4435-AF43-E1FFF8605EE9}.Release|Any CPU.Build.0 = Release|Any CPU
		{A1A8C51C-FF52-4435-AF43-E1FFF8605EE9}.Release|Mixed Platforms.ActiveCfg = Release|Any CPU
		{A1A8C51C-FF52-4435-AF43-E1FFF8605EE9}.Release|Mixed Platforms.Build.0 = Release|Any CPU
		{A1A8C51C-FF52-4435-AF43-E1FFF8605EE9}.Release|x86.ActiveCfg = Release|Any CPU
		{5A48F4FF-0D25-44B5-B546-CADBE18F1DEC}.Debug|Any CPU.ActiveCfg = Debug|x86
		{5A48F4FF-0D25-44B5-B546-CADBE18F1DEC}.Debug|Mixed Platforms.ActiveCfg = Debug|x86
		{5A48F4FF-0D25-44B5-B546-CADBE18F1DEC}.Debug|Mixed Platforms.Build.0 = Debug|x86
		{5A48F4FF-0D25-44B5-B546-CADBE18F1DEC}.Debug|x86.ActiveCfg = Debug|x86
		{5A48F4FF-0D25-44B5-B546-CADBE18F1DEC}.Debug|x86.Build.0 = Debug|x86
		{5A48F4FF-0D25-44B5-B546-CADBE18F1DEC}.Release|Any CPU.ActiveCfg = Release|x86
		{5A48F4FF-0D25-44B5-B546-CADBE18F1DEC}.Release|Mixed Platforms.ActiveCfg = Release|x86
		{5A48F4FF-0D25-44B5-B546-CADBE18F1DEC}.Release|Mixed Platforms.Build.0 = Release|x86
		{5A48F4FF-0D25-44B5-B546-CADBE18F1DEC}.Release|x86.ActiveCfg = Release|x86
		{5A48F4FF-0D25-44B5-B546-CADBE18F1DEC}.Release|x86.Build.0 = Release|x86
	EndGlobalSection
	GlobalSection(SolutionProperties) = preSolution
		HideSolutionNode = FALSE
	EndGlobalSection
EndGlobal
